
Microsoft Visual Studio Solution File, Format Version 12.00
# Visual Studio 15
VisualStudioVersion = 15.0.26730.16
MinimumVisualStudioVersion = 10.0.40219.1
Project("{FAE04EC0-301F-11D3-BF4B-00C04F79EFBC}") = "CrystalReportsNinja", "CrystalReportsNinja\CrystalReportsNinja.csproj", "{A9BC6CCB-AFD4-4B80-BDE0-DBC99C8D51C2}"
EndProject
Global
	GlobalSection(SolutionConfigurationPlatforms) = preSolution
		Debug|Any CPU = Debug|Any CPU
		Debug|x64 = Debug|x64
		Debug|x86 = Debug|x86
		Release|Any CPU = Release|Any CPU
		Release|x64 = Release|x64
		Release|x86 = Release|x86
	EndGlobalSection
	GlobalSection(ProjectConfigurationPlatforms) = postSolution
		{A9BC6CCB-AFD4-4B80-BDE0-DBC99C8D51C2}.Debug|Any CPU.ActiveCfg = Debug|Any CPU
		{A9BC6CCB-AFD4-4B80-BDE0-DBC99C8D51C2}.Debug|Any CPU.Build.0 = Debug|Any CPU
		{A9BC6CCB-AFD4-4B80-BDE0-DBC99C8D51C2}.Debug|x64.ActiveCfg = Debug|x64
		{A9BC6CCB-AFD4-4B80-BDE0-DBC99C8D51C2}.Debug|x64.Build.0 = Debug|x64
		{A9BC6CCB-AFD4-4B80-BDE0-DBC99C8D51C2}.Debug|x86.ActiveCfg = Debug|x86
		{A9BC6CCB-AFD4-4B80-BDE0-DBC99C8D51C2}.Debug|x86.Build.0 = Debug|x86
		{A9BC6CCB-AFD4-4B80-BDE0-DBC99C8D51C2}.Release|Any CPU.ActiveCfg = Release|Any CPU
		{A9BC6CCB-AFD4-4B80-BDE0-DBC99C8D51C2}.Release|Any CPU.Build.0 = Release|Any CPU
		{A9BC6CCB-AFD4-4B80-BDE0-DBC99C8D51C2}.Release|x64.ActiveCfg = Release|x64
		{A9BC6CCB-AFD4-4B80-BDE0-DBC99C8D51C2}.Release|x64.Build.0 = Release|x64
		{A9BC6CCB-AFD4-4B80-BDE0-DBC99C8D51C2}.Release|x86.ActiveCfg = Release|x86
		{A9BC6CCB-AFD4-4B80-BDE0-DBC99C8D51C2}.Release|x86.Build.0 = Release|x86
	EndGlobalSection
	GlobalSection(SolutionProperties) = preSolution
		HideSolutionNode = FALSE
	EndGlobalSection
	GlobalSection(ExtensibilityGlobals) = postSolution
		SolutionGuid = {44A09627-FDAE-477B-AFEF-226B3839C816}
	EndGlobalSection
EndGlobal
